
Microsoft Visual Studio Solution File, Format Version 12.00
# Visual Studio Version 16
VisualStudioVersion = 16.0.30717.126
MinimumVisualStudioVersion = 10.0.40219.1
Project("{FAE04EC0-301F-11D3-BF4B-00C04F79EFBC}") = "imageTextVisualization", "imageTextVisualization\imageTextVisualization.csproj", "{6ABBBB7F-D4F3-454B-BFEE-D6C8508AF30F}"
EndProject
Global
	GlobalSection(SolutionConfigurationPlatforms) = preSolution
		Debug|Any CPU = Debug|Any CPU
		Release|Any CPU = Release|Any CPU
	EndGlobalSection
	GlobalSection(ProjectConfigurationPlatforms) = postSolution
		{6ABBBB7F-D4F3-454B-BFEE-D6C8508AF30F}.Debug|Any CPU.ActiveCfg = Debug|Any CPU
		{6ABBBB7F-D4F3-454B-BFEE-D6C8508AF30F}.Debug|Any CPU.Build.0 = Debug|Any CPU
		{6ABBBB7F-D4F3-454B-BFEE-D6C8508AF30F}.Release|Any CPU.ActiveCfg = Release|Any CPU
		{6ABBBB7F-D4F3-454B-BFEE-D6C8508AF30F}.Release|Any CPU.Build.0 = Release|Any CPU
	EndGlobalSection
	GlobalSection(SolutionProperties) = preSolution
		HideSolutionNode = FALSE
	EndGlobalSection
	GlobalSection(ExtensibilityGlobals) = postSolution
		SolutionGuid = {666E71BF-A01F-4840-AE2F-AD3E09B4588B}
	EndGlobalSection
EndGlobal
